{
    "version": 3,
    "terraform_version": "0.11.10",
    "serial": 2,
    "lineage": "54470335-785f-9c01-56f1-47d70a2f3b30",
    "modules": [
        {
            "path": [
                "root"
            ],
            "outputs": {
                "config-map-aws-auth": {
                    "sensitive": false,
                    "type": "string",
                    "value": "\n\napiVersion: v1\nkind: ConfigMap\nmetadata:\n  name: aws-auth\n  namespace: kube-system\ndata:\n  mapRoles: |\n    - rolearn: arn:aws:iam::391171788719:role/terraform-eks-demo-node\n      username: system:node:{{EC2PrivateDNSName}}\n      groups:\n        - system:bootstrappers\n        - system:nodes\n"
                },
                "kubeconfig": {
                    "sensitive": false,
                    "type": "string",
                    "value": "\n\napiVersion: v1\nclusters:\n- cluster:\n    server: https://3CF3164E04B5BFDEEC38710D1BB7E695.sk1.us-east-1.eks.amazonaws.com\n    certificate-authority-data: LS0tLS1CRUdJTiBDRVJUSUZJQ0FURS0tLS0tCk1JSUN5RENDQWJDZ0F3SUJBZ0lCQURBTkJna3Foa2lHOXcwQkFRc0ZBREFWTVJNd0VRWURWUVFERXdwcmRXSmwKY201bGRHVnpNQjRYRFRFNE1USXhOREF3TVRnd09Wb1hEVEk0TVRJeE1UQXdNVGd3T1Zvd0ZURVRNQkVHQTFVRQpBeE1LYTNWaVpYSnVaWFJsY3pDQ0FTSXdEUVlKS29aSWh2Y05BUUVCQlFBRGdnRVBBRENDQVFvQ2dnRUJBT2lCCnRmV0xsakljT0VTZHZHbXBZSHk5SWVUWHYzOGduVFc3cnhjYitSLzlRZ2tsclQ1aFBGVnJBRjI5RXRiTGhPQUsKL3lLQ1d0VkprbnRyWlVFVFM5N2pObXUvc1E0TmVMU0xUcFVMcm0wQi9oQ1M1am5DMTdvUHAwYkdSd0MvVkVicwo5elBTMm9oazZCVThFMjZXTjg0VmZtRXZYcTZMa3lXMkJlallIT2xjaGRzRGRYNWRhU29EV3VZdGlOZjlZSmVtCmRlaktMQ01QY0NTKzkyNmlaQ0NDNC9BQStHYUFXNGtsNFdBb3pYN1hYWXd0bEJIQ1ltK2NzNytFUUtOMStDekEKb2hKWmtrTDhhdWY5V0JQeGNLcENJcktXSUhPZ0FDcXZJNWFZbytmcVRTa01wOURYN0JuY2l1YUdsOWU4cHNQQwpJQXVpaUxZbzhqNlBKNkhzdCtVQ0F3RUFBYU1qTUNFd0RnWURWUjBQQVFIL0JBUURBZ0trTUE4R0ExVWRFd0VCCi93UUZNQU1CQWY4d0RRWUpLb1pJaHZjTkFRRUxCUUFEZ2dFQkFHTFVWZjFiYXE1aHI2QUlKMEJFTUNuM0kwTTIKRFBWbXN4bnVjK3l0cWtOSjFpQWlJeVlzZWpKZkVuaVYvVXR1OGl6d1RON3ROYUpVakFUa0FUQTdZL3FESmJhRApRNG1lQVk2QlZmblpKY21qRzN3UWFxeHQrMjhYa2JUNGwwdnRjQWJsTDZOa21jcnhuRGtoWkFDZ0ZtTUpxYkFwCkpzMm1XSytxcW8ya2dQUXV0Z1pOczNreWk3dVpaenhORTZoaWhCRFpJTHBtaDlReXUvWGxMOS9uL2hkVE9XS2gKU2dWRm1kME90WlhyMCtBWUpTeFNNenFBWkd3RDZzZ2RWNysrbGwvWmE5SGZBWEdZY0ZaOWRPNkFZdEZuTGlSUgpFZnhnWGplYzRPUXRXLzZvVW9iVXZvb2paQk1oZUZmK29HdnJuYkM2TFlaSmV0UVBMUFFnc21oT3g2Yz0KLS0tLS1FTkQgQ0VSVElGSUNBVEUtLS0tLQo=\n  name: kubernetes\ncontexts:\n- context:\n    cluster: kubernetes\n    user: aws\n  name: aws\ncurrent-context: aws\nkind: Config\npreferences: {}\nusers:\n- name: aws\n  user:\n    exec:\n      apiVersion: client.authentication.k8s.io/v1alpha1\n      command: heptio-authenticator-aws\n      args:\n        - \"token\"\n        - \"-i\"\n        - \"terraform-eks-demo\"\n"
                }
            },
            "resources": {
                "aws_autoscaling_group.demo": {
                    "type": "aws_autoscaling_group",
                    "depends_on": [
                        "aws_launch_configuration.demo",
                        "module.vpc"
                    ],
                    "primary": {
                        "id": "terraform-eks-demo",
                        "attributes": {
                            "arn": "arn:aws:autoscaling:us-east-1:391171788719:autoScalingGroup:aa953145-33ea-4fbe-9f5a-04503ff6d1dc:autoScalingGroupName/terraform-eks-demo",
                            "availability_zones.#": "3",
                            "availability_zones.1305112097": "us-east-1b",
                            "availability_zones.3569565595": "us-east-1a",
                            "availability_zones.986537655": "us-east-1c",
                            "default_cooldown": "300",
                            "desired_capacity": "2",
                            "enabled_metrics.#": "0",
                            "force_delete": "false",
                            "health_check_grace_period": "300",
                            "health_check_type": "EC2",
                            "id": "terraform-eks-demo",
                            "launch_configuration": "terraform-eks-demo20181214002039959700000007",
                            "launch_template.#": "0",
                            "load_balancers.#": "0",
                            "max_size": "2",
                            "metrics_granularity": "1Minute",
                            "min_size": "1",
                            "mixed_instances_policy.#": "0",
                            "name": "terraform-eks-demo",
                            "placement_group": "",
                            "protect_from_scale_in": "false",
                            "service_linked_role_arn": "arn:aws:iam::391171788719:role/aws-service-role/autoscaling.amazonaws.com/AWSServiceRoleForAutoScaling",
                            "suspended_processes.#": "0",
                            "tag.#": "2",
                            "tag.3381877819.key": "kubernetes.io/cluster/terraform-eks-demo",
                            "tag.3381877819.propagate_at_launch": "true",
                            "tag.3381877819.value": "owned",
                            "tag.4079220990.key": "Name",
                            "tag.4079220990.propagate_at_launch": "true",
                            "tag.4079220990.value": "terraform-eks-demo",
                            "target_group_arns.#": "0",
                            "termination_policies.#": "0",
                            "vpc_zone_identifier.#": "3",
                            "vpc_zone_identifier.2295553477": "subnet-0bff9914a4be3a0bf",
                            "vpc_zone_identifier.3123486181": "subnet-09a5f9b317d06e2e4",
                            "vpc_zone_identifier.385350591": "subnet-0254f3d600578582b",
                            "wait_for_capacity_timeout": "10m"
                        },
                        "meta": {
                            "e2bfb730-ecaa-11e6-8f88-34363bc7c4c0": {
                                "delete": 600000000000
                            }
                        },
                        "tainted": false
                    },
                    "deposed": [],
                    "provider": "provider.aws"
                },
                "aws_eks_cluster.demo": {
                    "type": "aws_eks_cluster",
                    "depends_on": [
                        "aws_iam_role.demo-cluster",
                        "aws_iam_role_policy_attachment.demo-cluster-AmazonEKSClusterPolicy",
                        "aws_iam_role_policy_attachment.demo-cluster-AmazonEKSServicePolicy",
                        "aws_security_group.demo-cluster",
                        "module.vpc"
                    ],
                    "primary": {
                        "id": "terraform-eks-demo",
                        "attributes": {
                            "arn": "arn:aws:eks:us-east-1:391171788719:cluster/terraform-eks-demo",
                            "certificate_authority.#": "1",
                            "certificate_authority.0.data": "LS0tLS1CRUdJTiBDRVJUSUZJQ0FURS0tLS0tCk1JSUN5RENDQWJDZ0F3SUJBZ0lCQURBTkJna3Foa2lHOXcwQkFRc0ZBREFWTVJNd0VRWURWUVFERXdwcmRXSmwKY201bGRHVnpNQjRYRFRFNE1USXhOREF3TVRnd09Wb1hEVEk0TVRJeE1UQXdNVGd3T1Zvd0ZURVRNQkVHQTFVRQpBeE1LYTNWaVpYSnVaWFJsY3pDQ0FTSXdEUVlKS29aSWh2Y05BUUVCQlFBRGdnRVBBRENDQVFvQ2dnRUJBT2lCCnRmV0xsakljT0VTZHZHbXBZSHk5SWVUWHYzOGduVFc3cnhjYitSLzlRZ2tsclQ1aFBGVnJBRjI5RXRiTGhPQUsKL3lLQ1d0VkprbnRyWlVFVFM5N2pObXUvc1E0TmVMU0xUcFVMcm0wQi9oQ1M1am5DMTdvUHAwYkdSd0MvVkVicwo5elBTMm9oazZCVThFMjZXTjg0VmZtRXZYcTZMa3lXMkJlallIT2xjaGRzRGRYNWRhU29EV3VZdGlOZjlZSmVtCmRlaktMQ01QY0NTKzkyNmlaQ0NDNC9BQStHYUFXNGtsNFdBb3pYN1hYWXd0bEJIQ1ltK2NzNytFUUtOMStDekEKb2hKWmtrTDhhdWY5V0JQeGNLcENJcktXSUhPZ0FDcXZJNWFZbytmcVRTa01wOURYN0JuY2l1YUdsOWU4cHNQQwpJQXVpaUxZbzhqNlBKNkhzdCtVQ0F3RUFBYU1qTUNFd0RnWURWUjBQQVFIL0JBUURBZ0trTUE4R0ExVWRFd0VCCi93UUZNQU1CQWY4d0RRWUpLb1pJaHZjTkFRRUxCUUFEZ2dFQkFHTFVWZjFiYXE1aHI2QUlKMEJFTUNuM0kwTTIKRFBWbXN4bnVjK3l0cWtOSjFpQWlJeVlzZWpKZkVuaVYvVXR1OGl6d1RON3ROYUpVakFUa0FUQTdZL3FESmJhRApRNG1lQVk2QlZmblpKY21qRzN3UWFxeHQrMjhYa2JUNGwwdnRjQWJsTDZOa21jcnhuRGtoWkFDZ0ZtTUpxYkFwCkpzMm1XSytxcW8ya2dQUXV0Z1pOczNreWk3dVpaenhORTZoaWhCRFpJTHBtaDlReXUvWGxMOS9uL2hkVE9XS2gKU2dWRm1kME90WlhyMCtBWUpTeFNNenFBWkd3RDZzZ2RWNysrbGwvWmE5SGZBWEdZY0ZaOWRPNkFZdEZuTGlSUgpFZnhnWGplYzRPUXRXLzZvVW9iVXZvb2paQk1oZUZmK29HdnJuYkM2TFlaSmV0UVBMUFFnc21oT3g2Yz0KLS0tLS1FTkQgQ0VSVElGSUNBVEUtLS0tLQo=",
                            "created_at": "2018-12-14 00:11:38 +0000 UTC",
                            "endpoint": "https://3CF3164E04B5BFDEEC38710D1BB7E695.sk1.us-east-1.eks.amazonaws.com",
                            "id": "terraform-eks-demo",
                            "name": "terraform-eks-demo",
                            "platform_version": "eks.1",
                            "role_arn": "arn:aws:iam::391171788719:role/terraform-eks-demo-cluster",
                            "version": "1.11",
                            "vpc_config.#": "1",
                            "vpc_config.0.security_group_ids.#": "1",
                            "vpc_config.0.security_group_ids.2682770477": "sg-05f166cc84f84686d",
                            "vpc_config.0.subnet_ids.#": "3",
                            "vpc_config.0.subnet_ids.2291131339": "subnet-0bff9914a4be3a0bf",
                            "vpc_config.0.subnet_ids.3016965315": "subnet-09a5f9b317d06e2e4",
                            "vpc_config.0.subnet_ids.952196943": "subnet-0254f3d600578582b",
                            "vpc_config.0.vpc_id": "vpc-0ccc4cb65565ed40f"
                        },
                        "meta": {
                            "e2bfb730-ecaa-11e6-8f88-34363bc7c4c0": {
                                "create": 900000000000,
                                "delete": 900000000000,
                                "update": 3600000000000
                            }
                        },
                        "tainted": false
                    },
                    "deposed": [],
                    "provider": "provider.aws"
                },
                "aws_iam_instance_profile.demo-node": {
                    "type": "aws_iam_instance_profile",
                    "depends_on": [
                        "aws_iam_role.demo-node"
                    ],
                    "primary": {
                        "id": "terraform-eks-demo",
                        "attributes": {
                            "arn": "arn:aws:iam::391171788719:instance-profile/terraform-eks-demo",
                            "create_date": "2018-12-14T00:11:29Z",
                            "id": "terraform-eks-demo",
                            "name": "terraform-eks-demo",
                            "path": "/",
                            "role": "terraform-eks-demo-node",
                            "roles.#": "0",
                            "unique_id": "AIPAIWC2VG57D57PNV27I"
                        },
                        "meta": {},
                        "tainted": false
                    },
                    "deposed": [],
                    "provider": "provider.aws"
                },
                "aws_iam_role.demo-cluster": {
                    "type": "aws_iam_role",
                    "depends_on": [],
                    "primary": {
                        "id": "terraform-eks-demo-cluster",
                        "attributes": {
                            "arn": "arn:aws:iam::391171788719:role/terraform-eks-demo-cluster",
                            "assume_role_policy": "{\"Version\":\"2012-10-17\",\"Statement\":[{\"Effect\":\"Allow\",\"Principal\":{\"Service\":\"eks.amazonaws.com\"},\"Action\":\"sts:AssumeRole\"}]}",
                            "create_date": "2018-12-14T00:11:27Z",
                            "description": "",
                            "force_detach_policies": "false",
                            "id": "terraform-eks-demo-cluster",
                            "max_session_duration": "3600",
                            "name": "terraform-eks-demo-cluster",
                            "path": "/",
                            "tags.%": "0",
                            "unique_id": "AROAJXRCBLRXCL3PA6NQG"
                        },
                        "meta": {},
                        "tainted": false
                    },
                    "deposed": [],
                    "provider": "provider.aws"
                },
                "aws_iam_role.demo-node": {
                    "type": "aws_iam_role",
                    "depends_on": [],
                    "primary": {
                        "id": "terraform-eks-demo-node",
                        "attributes": {
                            "arn": "arn:aws:iam::391171788719:role/terraform-eks-demo-node",
                            "assume_role_policy": "{\"Version\":\"2012-10-17\",\"Statement\":[{\"Effect\":\"Allow\",\"Principal\":{\"Service\":\"ec2.amazonaws.com\"},\"Action\":\"sts:AssumeRole\"}]}",
                            "create_date": "2018-12-14T00:11:27Z",
                            "description": "",
                            "force_detach_policies": "false",
                            "id": "terraform-eks-demo-node",
                            "max_session_duration": "3600",
                            "name": "terraform-eks-demo-node",
                            "path": "/",
                            "tags.%": "0",
                            "unique_id": "AROAJPN75C3UT4AJGUYCO"
                        },
                        "meta": {},
                        "tainted": false
                    },
                    "deposed": [],
                    "provider": "provider.aws"
                },
                "aws_iam_role_policy.demo-cluster-service-linked-role": {
                    "type": "aws_iam_role_policy",
                    "depends_on": [
                        "aws_iam_role.demo-cluster"
                    ],
                    "primary": {
                        "id": "terraform-eks-demo-cluster:service-linked-role",
                        "attributes": {
                            "id": "terraform-eks-demo-cluster:service-linked-role",
                            "name": "service-linked-role",
                            "policy": "{\n    \"Version\": \"2012-10-17\",\n    \"Statement\": [\n        {\n            \"Effect\": \"Allow\",\n            \"Action\": \"iam:CreateServiceLinkedRole\",\n            \"Resource\": \"arn:aws:iam::*:role/aws-service-role/*\"\n        },\n        {\n            \"Effect\": \"Allow\",\n            \"Action\": [\n                \"ec2:DescribeAccountAttributes\"\n            ],\n            \"Resource\": \"*\"\n        }\n    ]\n}\n",
                            "role": "terraform-eks-demo-cluster"
                        },
                        "meta": {},
                        "tainted": false
                    },
                    "deposed": [],
                    "provider": "provider.aws"
                },
                "aws_iam_role_policy_attachment.demo-cluster-AmazonEKSClusterPolicy": {
                    "type": "aws_iam_role_policy_attachment",
                    "depends_on": [
                        "aws_iam_role.demo-cluster"
                    ],
                    "primary": {
                        "id": "terraform-eks-demo-cluster-20181214001128752200000003",
                        "attributes": {
                            "id": "terraform-eks-demo-cluster-20181214001128752200000003",
                            "policy_arn": "arn:aws:iam::aws:policy/AmazonEKSClusterPolicy",
                            "role": "terraform-eks-demo-cluster"
                        },
                        "meta": {},
                        "tainted": false
                    },
                    "deposed": [],
                    "provider": "provider.aws"
                },
                "aws_iam_role_policy_attachment.demo-cluster-AmazonEKSServicePolicy": {
                    "type": "aws_iam_role_policy_attachment",
                    "depends_on": [
                        "aws_iam_role.demo-cluster"
                    ],
                    "primary": {
                        "id": "terraform-eks-demo-cluster-20181214001129030500000006",
                        "attributes": {
                            "id": "terraform-eks-demo-cluster-20181214001129030500000006",
                            "policy_arn": "arn:aws:iam::aws:policy/AmazonEKSServicePolicy",
                            "role": "terraform-eks-demo-cluster"
                        },
                        "meta": {},
                        "tainted": false
                    },
                    "deposed": [],
                    "provider": "provider.aws"
                },
                "aws_iam_role_policy_attachment.demo-node-AmazonEC2ContainerRegistryReadOnly": {
                    "type": "aws_iam_role_policy_attachment",
                    "depends_on": [
                        "aws_iam_role.demo-node"
                    ],
                    "primary": {
                        "id": "terraform-eks-demo-node-20181214001129011500000005",
                        "attributes": {
                            "id": "terraform-eks-demo-node-20181214001129011500000005",
                            "policy_arn": "arn:aws:iam::aws:policy/AmazonEC2ContainerRegistryReadOnly",
                            "role": "terraform-eks-demo-node"
                        },
                        "meta": {},
                        "tainted": false
                    },
                    "deposed": [],
                    "provider": "provider.aws"
                },
                "aws_iam_role_policy_attachment.demo-node-AmazonEKSWorkerNodePolicy": {
                    "type": "aws_iam_role_policy_attachment",
                    "depends_on": [
                        "aws_iam_role.demo-node"
                    ],
                    "primary": {
                        "id": "terraform-eks-demo-node-20181214001128803700000004",
                        "attributes": {
                            "id": "terraform-eks-demo-node-20181214001128803700000004",
                            "policy_arn": "arn:aws:iam::aws:policy/AmazonEKSWorkerNodePolicy",
                            "role": "terraform-eks-demo-node"
                        },
                        "meta": {},
                        "tainted": false
                    },
                    "deposed": [],
                    "provider": "provider.aws"
                },
                "aws_iam_role_policy_attachment.demo-node-AmazonEKS_CNI_Policy": {
                    "type": "aws_iam_role_policy_attachment",
                    "depends_on": [
                        "aws_iam_role.demo-node"
                    ],
                    "primary": {
                        "id": "terraform-eks-demo-node-20181214001128534500000001",
                        "attributes": {
                            "id": "terraform-eks-demo-node-20181214001128534500000001",
                            "policy_arn": "arn:aws:iam::aws:policy/AmazonEKS_CNI_Policy",
                            "role": "terraform-eks-demo-node"
                        },
                        "meta": {},
                        "tainted": false
                    },
                    "deposed": [],
                    "provider": "provider.aws"
                },
                "aws_iam_role_policy_attachment.demo-node-CloudWatchLogsReadOnlyAccess": {
                    "type": "aws_iam_role_policy_attachment",
                    "depends_on": [
                        "aws_iam_role.demo-node"
                    ],
                    "primary": {
                        "id": "terraform-eks-demo-node-20181214001128551000000002",
                        "attributes": {
                            "id": "terraform-eks-demo-node-20181214001128551000000002",
                            "policy_arn": "arn:aws:iam::aws:policy/CloudWatchLogsReadOnlyAccess",
                            "role": "terraform-eks-demo-node"
                        },
                        "meta": {},
                        "tainted": false
                    },
                    "deposed": [],
                    "provider": "provider.aws"
                },
                "aws_launch_configuration.demo": {
                    "type": "aws_launch_configuration",
                    "depends_on": [
                        "aws_iam_instance_profile.demo-node",
                        "aws_security_group.demo-node",
                        "data.aws_ami.eks-worker",
                        "local.demo-node-userdata"
                    ],
                    "primary": {
                        "id": "terraform-eks-demo20181214002039959700000007",
                        "attributes": {
                            "associate_public_ip_address": "true",
                            "ebs_block_device.#": "0",
                            "ebs_optimized": "false",
                            "enable_monitoring": "true",
                            "ephemeral_block_device.#": "0",
                            "iam_instance_profile": "terraform-eks-demo",
                            "id": "terraform-eks-demo20181214002039959700000007",
                            "image_id": "ami-0a0b913ef3249b655",
                            "instance_type": "t2.medium",
                            "key_name": "",
                            "name": "terraform-eks-demo20181214002039959700000007",
                            "name_prefix": "terraform-eks-demo",
                            "root_block_device.#": "0",
                            "security_groups.#": "1",
                            "security_groups.3451733419": "sg-0281e659a2500acc0",
                            "spot_price": "",
                            "user_data_base64": "IyEvYmluL2Jhc2gKc2V0IC1vIHh0cmFjZQovZXRjL2Vrcy9ib290c3RyYXAuc2ggLS1hcGlzZXJ2ZXItZW5kcG9pbnQgJ2h0dHBzOi8vM0NGMzE2NEUwNEI1QkZERUVDMzg3MTBEMUJCN0U2OTUuc2sxLnVzLWVhc3QtMS5la3MuYW1hem9uYXdzLmNvbScgLS1iNjQtY2x1c3Rlci1jYSAnTFMwdExTMUNSVWRKVGlCRFJWSlVTVVpKUTBGVVJTMHRMUzB0Q2sxSlNVTjVSRU5EUVdKRFowRjNTVUpCWjBsQ1FVUkJUa0puYTNGb2EybEhPWGN3UWtGUmMwWkJSRUZXVFZKTmQwVlJXVVJXVVZGRVJYZHdjbVJYU213S1kyMDFiR1JIVm5wTlFqUllSRlJGTkUxVVNYaE9SRUYzVFZSbmQwOVdiMWhFVkVrMFRWUkplRTFVUVhkTlZHZDNUMVp2ZDBaVVJWUk5Ra1ZIUVRGVlJRcEJlRTFMWVROV2FWcFlTblZhV0ZKc1kzcERRMEZUU1hkRVVWbEtTMjlhU1doMlkwNUJVVVZDUWxGQlJHZG5SVkJCUkVORFFWRnZRMmRuUlVKQlQybENDblJtVjB4c2FrbGpUMFZUWkhaSGJYQlpTSGs1U1dWVVdIWXpPR2R1VkZjM2NuaGpZaXRTTHpsUloydHNjbFExYUZCR1ZuSkJSakk1UlhSaVRHaFBRVXNLTDNsTFExZDBWa3ByYm5SeVdsVkZWRk01TjJwT2JYVXZjMUUwVG1WTVUweFVjRlZNY20wd1FpOW9RMU0xYW01RE1UZHZVSEF3WWtkU2QwTXZWa1ZpY3dvNWVsQlRNbTlvYXpaQ1ZUaEZNalpYVGpnMFZtWnRSWFpZY1RaTWEzbFhNa0psYWxsSVQyeGphR1J6UkdSWU5XUmhVMjlFVjNWWmRHbE9aamxaU21WdENtUmxha3RNUTAxUVkwTlRLemt5Tm1sYVEwTkROQzlCUVN0SFlVRlhOR3RzTkZkQmIzcFlOMWhZV1hkMGJFSklRMWx0SzJOek55dEZVVXRPTVN0RGVrRUtiMmhLV210clREaGhkV1k1VjBKUWVHTkxjRU5KY2t0WFNVaFBaMEZEY1haSk5XRlpieXRtY1ZSVGEwMXdPVVJZTjBKdVkybDFZVWRzT1dVNGNITlFRd3BKUVhWcGFVeFpiemhxTmxCS05raHpkQ3RWUTBGM1JVRkJZVTFxVFVORmQwUm5XVVJXVWpCUVFWRklMMEpCVVVSQlowdHJUVUU0UjBFeFZXUkZkMFZDQ2k5M1VVWk5RVTFDUVdZNGQwUlJXVXBMYjFwSmFIWmpUa0ZSUlV4Q1VVRkVaMmRGUWtGSFRGVldaakZpWVhFMWFISTJRVWxLTUVKRlRVTnVNMGt3VFRJS1JGQldiWE40Ym5WakszbDBjV3RPU2pGcFFXbEplVmx6WldwS1prVnVhVll2VlhSMU9HbDZkMVJPTjNST1lVcFZha0ZVYTBGVVFUZFpMM0ZFU21KaFJBcFJORzFsUVZrMlFsWm1ibHBLWTIxcVJ6TjNVV0Z4ZUhRck1qaFlhMkpVTkd3d2RuUmpRV0pzVERaT2EyMWpjbmh1Ukd0b1drRkRaMFp0VFVweFlrRndDa3B6TW0xWFN5dHhjVzh5YTJkUVVYVjBaMXBPY3pOcmVXazNkVnBhZW5oT1JUWm9hV2hDUkZwSlRIQnRhRGxSZVhVdldHeE1PUzl1TDJoa1ZFOVhTMmdLVTJkV1JtMWtNRTkwV2xoeU1DdEJXVXBUZUZOTmVuRkJXa2QzUkRaeloyUldOeXNyYkd3dldtRTVTR1pCV0VkWlkwWmFPV1JQTmtGWmRFWnVUR2xTVWdwRlpuaG5XR3BsWXpSUFVYUlhMelp2Vlc5aVZYWnZiMnBhUWsxb1pVWm1LMjlIZG5KdVlrTTJURmxhU21WMFVWQk1VRkZuYzIxb1QzZzJZejBLTFMwdExTMUZUa1FnUTBWU1ZFbEdTVU5CVkVVdExTMHRMUW89JyAndGVycmFmb3JtLWVrcy1kZW1vJwo=",
                            "vpc_classic_link_id": "",
                            "vpc_classic_link_security_groups.#": "0"
                        },
                        "meta": {},
                        "tainted": false
                    },
                    "deposed": [],
                    "provider": "provider.aws"
                },
                "aws_security_group.demo-cluster": {
                    "type": "aws_security_group",
                    "depends_on": [
                        "module.vpc"
                    ],
                    "primary": {
                        "id": "sg-05f166cc84f84686d",
                        "attributes": {
                            "arn": "arn:aws:ec2:us-east-1:391171788719:security-group/sg-05f166cc84f84686d",
                            "description": "Cluster communication with worker nodes",
                            "egress.#": "1",
                            "egress.482069346.cidr_blocks.#": "1",
                            "egress.482069346.cidr_blocks.0": "0.0.0.0/0",
                            "egress.482069346.description": "",
                            "egress.482069346.from_port": "0",
                            "egress.482069346.ipv6_cidr_blocks.#": "0",
                            "egress.482069346.prefix_list_ids.#": "0",
                            "egress.482069346.protocol": "-1",
                            "egress.482069346.security_groups.#": "0",
                            "egress.482069346.self": "false",
                            "egress.482069346.to_port": "0",
                            "id": "sg-05f166cc84f84686d",
                            "ingress.#": "0",
                            "name": "terraform-eks-demo-cluster",
                            "owner_id": "391171788719",
                            "revoke_rules_on_delete": "false",
                            "tags.%": "1",
                            "tags.Name": "terraform-eks-demo",
                            "vpc_id": "vpc-0ccc4cb65565ed40f"
                        },
                        "meta": {
                            "e2bfb730-ecaa-11e6-8f88-34363bc7c4c0": {
                                "create": 600000000000,
                                "delete": 600000000000
                            },
                            "schema_version": "1"
                        },
                        "tainted": false
                    },
                    "deposed": [],
                    "provider": "provider.aws"
                },
                "aws_security_group.demo-node": {
                    "type": "aws_security_group",
                    "depends_on": [
                        "module.vpc"
                    ],
                    "primary": {
                        "id": "sg-0281e659a2500acc0",
                        "attributes": {
                            "arn": "arn:aws:ec2:us-east-1:391171788719:security-group/sg-0281e659a2500acc0",
                            "description": "Security group for all nodes in the cluster",
                            "egress.#": "1",
                            "egress.482069346.cidr_blocks.#": "1",
                            "egress.482069346.cidr_blocks.0": "0.0.0.0/0",
                            "egress.482069346.description": "",
                            "egress.482069346.from_port": "0",
                            "egress.482069346.ipv6_cidr_blocks.#": "0",
                            "egress.482069346.prefix_list_ids.#": "0",
                            "egress.482069346.protocol": "-1",
                            "egress.482069346.security_groups.#": "0",
                            "egress.482069346.self": "false",
                            "egress.482069346.to_port": "0",
                            "id": "sg-0281e659a2500acc0",
                            "ingress.#": "0",
                            "name": "terraform-eks-demo-node",
                            "owner_id": "391171788719",
                            "revoke_rules_on_delete": "false",
                            "tags.%": "2",
                            "tags.Name": "terraform-eks-demo-node",
                            "tags.kubernetes.io/cluster/terraform-eks-demo": "owned",
                            "vpc_id": "vpc-0ccc4cb65565ed40f"
                        },
                        "meta": {
                            "e2bfb730-ecaa-11e6-8f88-34363bc7c4c0": {
                                "create": 600000000000,
                                "delete": 600000000000
                            },
                            "schema_version": "1"
                        },
                        "tainted": false
                    },
                    "deposed": [],
                    "provider": "provider.aws"
                },
                "aws_security_group_rule.demo-cluster-ingress-node-https": {
                    "type": "aws_security_group_rule",
                    "depends_on": [
                        "aws_security_group.demo-cluster",
                        "aws_security_group.demo-node"
                    ],
                    "primary": {
                        "id": "sgrule-1643547671",
                        "attributes": {
                            "description": "Allow pods to communicate with the cluster API Server",
                            "from_port": "443",
                            "id": "sgrule-1643547671",
                            "protocol": "tcp",
                            "security_group_id": "sg-05f166cc84f84686d",
                            "self": "false",
                            "source_security_group_id": "sg-0281e659a2500acc0",
                            "to_port": "443",
                            "type": "ingress"
                        },
                        "meta": {
                            "schema_version": "2"
                        },
                        "tainted": false
                    },
                    "deposed": [],
                    "provider": "provider.aws"
                },
                "aws_security_group_rule.demo-cluster-ingress-workstation-https": {
                    "type": "aws_security_group_rule",
                    "depends_on": [
                        "aws_security_group.demo-cluster",
                        "local.workstation-external-cidr"
                    ],
                    "primary": {
                        "id": "sgrule-3091767618",
                        "attributes": {
                            "cidr_blocks.#": "1",
                            "cidr_blocks.0": "67.8.113.33/32",
                            "description": "Allow workstation to communicate with the cluster API Server",
                            "from_port": "443",
                            "id": "sgrule-3091767618",
                            "protocol": "tcp",
                            "security_group_id": "sg-05f166cc84f84686d",
                            "self": "false",
                            "to_port": "443",
                            "type": "ingress"
                        },
                        "meta": {
                            "schema_version": "2"
                        },
                        "tainted": false
                    },
                    "deposed": [],
                    "provider": "provider.aws"
                },
                "aws_security_group_rule.demo-node-ingress-cluster": {
                    "type": "aws_security_group_rule",
                    "depends_on": [
                        "aws_security_group.demo-cluster",
                        "aws_security_group.demo-node"
                    ],
                    "primary": {
                        "id": "sgrule-786297716",
                        "attributes": {
                            "description": "Allow worker Kubelets and pods to receive communication from the cluster control plane",
                            "from_port": "1025",
                            "id": "sgrule-786297716",
                            "protocol": "tcp",
                            "security_group_id": "sg-0281e659a2500acc0",
                            "self": "false",
                            "source_security_group_id": "sg-05f166cc84f84686d",
                            "to_port": "65535",
                            "type": "ingress"
                        },
                        "meta": {
                            "schema_version": "2"
                        },
                        "tainted": false
                    },
                    "deposed": [],
                    "provider": "provider.aws"
                },
                "aws_security_group_rule.demo-node-ingress-self": {
                    "type": "aws_security_group_rule",
                    "depends_on": [
                        "aws_security_group.demo-node"
                    ],
                    "primary": {
                        "id": "sgrule-918499773",
                        "attributes": {
                            "description": "Allow node to communicate with each other",
                            "from_port": "0",
                            "id": "sgrule-918499773",
                            "protocol": "-1",
                            "security_group_id": "sg-0281e659a2500acc0",
                            "self": "false",
                            "source_security_group_id": "sg-0281e659a2500acc0",
                            "to_port": "65535",
                            "type": "ingress"
                        },
                        "meta": {
                            "schema_version": "2"
                        },
                        "tainted": false
                    },
                    "deposed": [],
                    "provider": "provider.aws"
                },
                "data.aws_ami.eks-worker": {
                    "type": "aws_ami",
                    "depends_on": [],
                    "primary": {
                        "id": "ami-0a0b913ef3249b655",
                        "attributes": {
                            "architecture": "x86_64",
                            "block_device_mappings.#": "1",
                            "block_device_mappings.3798922657.device_name": "/dev/xvda",
                            "block_device_mappings.3798922657.ebs.%": "6",
                            "block_device_mappings.3798922657.ebs.delete_on_termination": "true",
                            "block_device_mappings.3798922657.ebs.encrypted": "false",
                            "block_device_mappings.3798922657.ebs.iops": "0",
                            "block_device_mappings.3798922657.ebs.snapshot_id": "snap-057d422c87a9a0c55",
                            "block_device_mappings.3798922657.ebs.volume_size": "20",
                            "block_device_mappings.3798922657.ebs.volume_type": "gp2",
                            "block_device_mappings.3798922657.no_device": "",
                            "block_device_mappings.3798922657.virtual_name": "",
                            "creation_date": "2018-10-23T20:50:35.000Z",
                            "description": "EKS Kubernetes Worker AMI with AmazonLinux2 image",
                            "filter.#": "1",
                            "filter.249857641.name": "name",
                            "filter.249857641.values.#": "1",
                            "filter.249857641.values.0": "amazon-eks-node-v*",
                            "hypervisor": "xen",
                            "id": "ami-0a0b913ef3249b655",
                            "image_id": "ami-0a0b913ef3249b655",
                            "image_location": "602401143452/amazon-eks-node-v25",
                            "image_type": "machine",
                            "most_recent": "true",
                            "name": "amazon-eks-node-v25",
                            "owner_id": "602401143452",
                            "owners.#": "1",
                            "owners.0": "602401143452",
                            "product_codes.#": "0",
                            "public": "true",
                            "root_device_name": "/dev/xvda",
                            "root_device_type": "ebs",
                            "root_snapshot_id": "snap-057d422c87a9a0c55",
                            "sriov_net_support": "simple",
                            "state": "available",
                            "state_reason.%": "2",
                            "state_reason.code": "UNSET",
                            "state_reason.message": "UNSET",
                            "tags.%": "0",
                            "virtualization_type": "hvm"
                        },
                        "meta": {},
                        "tainted": false
                    },
                    "deposed": [],
                    "provider": "provider.aws"
                },
                "data.aws_availability_zones.available": {
                    "type": "aws_availability_zones",
                    "depends_on": [],
                    "primary": {
                        "id": "2018-12-14 00:11:13.5219816 +0000 UTC",
                        "attributes": {
                            "id": "2018-12-14 00:11:13.5219816 +0000 UTC",
                            "names.#": "6",
                            "names.0": "us-east-1a",
                            "names.1": "us-east-1b",
                            "names.2": "us-east-1c",
                            "names.3": "us-east-1d",
                            "names.4": "us-east-1e",
                            "names.5": "us-east-1f",
                            "zone_ids.#": "6",
                            "zone_ids.0": "use1-az2",
                            "zone_ids.1": "use1-az4",
                            "zone_ids.2": "use1-az6",
                            "zone_ids.3": "use1-az1",
                            "zone_ids.4": "use1-az3",
                            "zone_ids.5": "use1-az5"
                        },
                        "meta": {},
                        "tainted": false
                    },
                    "deposed": [],
                    "provider": "provider.aws"
                },
                "data.aws_region.current": {
                    "type": "aws_region",
                    "depends_on": [],
                    "primary": {
                        "id": "us-east-1",
                        "attributes": {
                            "current": "true",
                            "description": "US East (N. Virginia)",
                            "endpoint": "ec2.us-east-1.amazonaws.com",
                            "id": "us-east-1",
                            "name": "us-east-1"
                        },
                        "meta": {},
                        "tainted": false
                    },
                    "deposed": [],
                    "provider": "provider.aws"
                },
                "data.http.workstation-external-ip": {
                    "type": "http",
                    "depends_on": [],
                    "primary": {
                        "id": "2018-12-14 00:11:12.6811988 +0000 UTC",
                        "attributes": {
                            "body": "67.8.113.33\n",
                            "id": "2018-12-14 00:11:12.6811988 +0000 UTC",
                            "url": "http://ipv4.icanhazip.com"
                        },
                        "meta": {},
                        "tainted": false
                    },
                    "deposed": [],
                    "provider": "provider.http"
                }
            },
            "depends_on": []
        },
        {
            "path": [
                "root",
                "vpc"
            ],
            "outputs": {
                "database_route_table_ids": {
                    "sensitive": false,
                    "type": "list",
                    "value": [
                        "rtb-05b0625030d013e23",
                        "rtb-008fe47c6a3a578d7",
                        "rtb-071f1883bbf437915"
                    ]
                },
                "database_subnet_group": {
                    "sensitive": false,
                    "type": "string",
                    "value": ""
                },
                "database_subnets": {
                    "sensitive": false,
                    "type": "list",
                    "value": []
                },
                "database_subnets_cidr_blocks": {
                    "sensitive": false,
                    "type": "list",
                    "value": []
                },
                "default_network_acl_id": {
                    "sensitive": false,
                    "type": "string",
                    "value": "acl-05396202f037205cc"
                },
                "default_route_table_id": {
                    "sensitive": false,
                    "type": "string",
                    "value": "rtb-0cad84f2549e9eb74"
                },
                "default_security_group_id": {
                    "sensitive": false,
                    "type": "string",
                    "value": "sg-0fac16f27ad1ab3f5"
                },
                "default_vpc_cidr_block": {
                    "sensitive": false,
                    "type": "string",
                    "value": ""
                },
                "default_vpc_default_network_acl_id": {
                    "sensitive": false,
                    "type": "string",
                    "value": ""
                },
                "default_vpc_default_route_table_id": {
                    "sensitive": false,
                    "type": "string",
                    "value": ""
                },
                "default_vpc_default_security_group_id": {
                    "sensitive": false,
                    "type": "string",
                    "value": ""
                },
                "default_vpc_enable_dns_hostnames": {
                    "sensitive": false,
                    "type": "string",
                    "value": ""
                },
                "default_vpc_enable_dns_support": {
                    "sensitive": false,
                    "type": "string",
                    "value": ""
                },
                "default_vpc_id": {
                    "sensitive": false,
                    "type": "string",
                    "value": ""
                },
                "default_vpc_instance_tenancy": {
                    "sensitive": false,
                    "type": "string",
                    "value": ""
                },
                "default_vpc_main_route_table_id": {
                    "sensitive": false,
                    "type": "string",
                    "value": ""
                },
                "elasticache_route_table_ids": {
                    "sensitive": false,
                    "type": "list",
                    "value": [
                        "rtb-05b0625030d013e23",
                        "rtb-008fe47c6a3a578d7",
                        "rtb-071f1883bbf437915"
                    ]
                },
                "elasticache_subnet_group": {
                    "sensitive": false,
                    "type": "string",
                    "value": ""
                },
                "elasticache_subnet_group_name": {
                    "sensitive": false,
                    "type": "string",
                    "value": ""
                },
                "elasticache_subnets": {
                    "sensitive": false,
                    "type": "list",
                    "value": []
                },
                "elasticache_subnets_cidr_blocks": {
                    "sensitive": false,
                    "type": "list",
                    "value": []
                },
                "igw_id": {
                    "sensitive": false,
                    "type": "string",
                    "value": "igw-0f1716444a2b9e669"
                },
                "intra_route_table_ids": {
                    "sensitive": false,
                    "type": "list",
                    "value": []
                },
                "intra_subnets": {
                    "sensitive": false,
                    "type": "list",
                    "value": []
                },
                "intra_subnets_cidr_blocks": {
                    "sensitive": false,
                    "type": "list",
                    "value": []
                },
                "nat_ids": {
                    "sensitive": false,
                    "type": "list",
                    "value": []
                },
                "nat_public_ips": {
                    "sensitive": false,
                    "type": "list",
                    "value": []
                },
                "natgw_ids": {
                    "sensitive": false,
                    "type": "list",
                    "value": []
                },
                "private_route_table_ids": {
                    "sensitive": false,
                    "type": "list",
                    "value": [
                        "rtb-05b0625030d013e23",
                        "rtb-008fe47c6a3a578d7",
                        "rtb-071f1883bbf437915"
                    ]
                },
                "private_subnets": {
                    "sensitive": false,
                    "type": "list",
                    "value": [
                        "subnet-0e31ebfee736ac8d1",
                        "subnet-072a23e2467c7980f",
                        "subnet-07f41ea10c2c7dccc"
                    ]
                },
                "private_subnets_cidr_blocks": {
                    "sensitive": false,
                    "type": "list",
                    "value": [
                        "10.0.1.0/24",
                        "10.0.2.0/24",
                        "10.0.3.0/24"
                    ]
                },
                "public_route_table_ids": {
                    "sensitive": false,
                    "type": "list",
                    "value": [
                        "rtb-089431262b66e92bd"
                    ]
                },
                "public_subnets": {
                    "sensitive": false,
                    "type": "list",
                    "value": [
                        "subnet-0254f3d600578582b",
                        "subnet-09a5f9b317d06e2e4",
                        "subnet-0bff9914a4be3a0bf"
                    ]
                },
                "public_subnets_cidr_blocks": {
                    "sensitive": false,
                    "type": "list",
                    "value": [
                        "10.0.101.0/24",
                        "10.0.102.0/24",
                        "10.0.103.0/24"
                    ]
                },
                "redshift_route_table_ids": {
                    "sensitive": false,
                    "type": "list",
                    "value": [
                        "rtb-05b0625030d013e23",
                        "rtb-008fe47c6a3a578d7",
                        "rtb-071f1883bbf437915"
                    ]
                },
                "redshift_subnet_group": {
                    "sensitive": false,
                    "type": "string",
                    "value": ""
                },
                "redshift_subnets": {
                    "sensitive": false,
                    "type": "list",
                    "value": []
                },
                "redshift_subnets_cidr_blocks": {
                    "sensitive": false,
                    "type": "list",
                    "value": []
                },
                "vgw_id": {
                    "sensitive": false,
                    "type": "string",
                    "value": ""
                },
                "vpc_cidr_block": {
                    "sensitive": false,
                    "type": "string",
                    "value": "10.0.0.0/16"
                },
                "vpc_enable_dns_hostnames": {
                    "sensitive": false,
                    "type": "string",
                    "value": "false"
                },
                "vpc_enable_dns_support": {
                    "sensitive": false,
                    "type": "string",
                    "value": "true"
                },
                "vpc_endpoint_dynamodb_id": {
                    "sensitive": false,
                    "type": "string",
                    "value": ""
                },
                "vpc_endpoint_dynamodb_pl_id": {
                    "sensitive": false,
                    "type": "string",
                    "value": ""
                },
                "vpc_endpoint_s3_id": {
                    "sensitive": false,
                    "type": "string",
                    "value": ""
                },
                "vpc_endpoint_s3_pl_id": {
                    "sensitive": false,
                    "type": "string",
                    "value": ""
                },
                "vpc_id": {
                    "sensitive": false,
                    "type": "string",
                    "value": "vpc-0ccc4cb65565ed40f"
                },
                "vpc_instance_tenancy": {
                    "sensitive": false,
                    "type": "string",
                    "value": "default"
                },
                "vpc_main_route_table_id": {
                    "sensitive": false,
                    "type": "string",
                    "value": "rtb-0cad84f2549e9eb74"
                },
                "vpc_secondary_cidr_blocks": {
                    "sensitive": false,
                    "type": "list",
                    "value": []
                }
            },
            "resources": {
                "aws_internet_gateway.this": {
                    "type": "aws_internet_gateway",
                    "depends_on": [
                        "local.vpc_id"
                    ],
                    "primary": {
                        "id": "igw-0f1716444a2b9e669",
                        "attributes": {
                            "id": "igw-0f1716444a2b9e669",
                            "owner_id": "391171788719",
                            "tags.%": "2",
                            "tags.Name": "terraform-eks-demo-node",
                            "tags.kubernetes.io/cluster/terraform-eks-demo": "shared",
                            "vpc_id": "vpc-0ccc4cb65565ed40f"
                        },
                        "meta": {},
                        "tainted": false
                    },
                    "deposed": [],
                    "provider": "provider.aws"
                },
                "aws_route.public_internet_gateway": {
                    "type": "aws_route",
                    "depends_on": [
                        "aws_internet_gateway.this",
                        "aws_route_table.public"
                    ],
                    "primary": {
                        "id": "r-rtb-089431262b66e92bd1080289494",
                        "attributes": {
                            "destination_cidr_block": "0.0.0.0/0",
                            "destination_prefix_list_id": "",
                            "egress_only_gateway_id": "",
                            "gateway_id": "igw-0f1716444a2b9e669",
                            "id": "r-rtb-089431262b66e92bd1080289494",
                            "instance_id": "",
                            "instance_owner_id": "",
                            "nat_gateway_id": "",
                            "network_interface_id": "",
                            "origin": "CreateRoute",
                            "route_table_id": "rtb-089431262b66e92bd",
                            "state": "active",
                            "transit_gateway_id": "",
                            "vpc_peering_connection_id": ""
                        },
                        "meta": {
                            "e2bfb730-ecaa-11e6-8f88-34363bc7c4c0": {
                                "create": 300000000000,
                                "delete": 300000000000
                            }
                        },
                        "tainted": false
                    },
                    "deposed": [],
                    "provider": "provider.aws"
                },
                "aws_route_table.private.0": {
                    "type": "aws_route_table",
                    "depends_on": [
                        "local.max_subnet_length",
                        "local.nat_gateway_count",
                        "local.vpc_id"
                    ],
                    "primary": {
                        "id": "rtb-05b0625030d013e23",
                        "attributes": {
                            "id": "rtb-05b0625030d013e23",
                            "owner_id": "391171788719",
                            "propagating_vgws.#": "0",
                            "route.#": "0",
                            "tags.%": "2",
                            "tags.Name": "terraform-eks-demo-node",
                            "tags.kubernetes.io/cluster/terraform-eks-demo": "shared",
                            "vpc_id": "vpc-0ccc4cb65565ed40f"
                        },
                        "meta": {},
                        "tainted": false
                    },
                    "deposed": [],
                    "provider": "provider.aws"
                },
                "aws_route_table.private.1": {
                    "type": "aws_route_table",
                    "depends_on": [
                        "local.max_subnet_length",
                        "local.nat_gateway_count",
                        "local.vpc_id"
                    ],
                    "primary": {
                        "id": "rtb-008fe47c6a3a578d7",
                        "attributes": {
                            "id": "rtb-008fe47c6a3a578d7",
                            "owner_id": "391171788719",
                            "propagating_vgws.#": "0",
                            "route.#": "0",
                            "tags.%": "2",
                            "tags.Name": "terraform-eks-demo-node",
                            "tags.kubernetes.io/cluster/terraform-eks-demo": "shared",
                            "vpc_id": "vpc-0ccc4cb65565ed40f"
                        },
                        "meta": {},
                        "tainted": false
                    },
                    "deposed": [],
                    "provider": "provider.aws"
                },
                "aws_route_table.private.2": {
                    "type": "aws_route_table",
                    "depends_on": [
                        "local.max_subnet_length",
                        "local.nat_gateway_count",
                        "local.vpc_id"
                    ],
                    "primary": {
                        "id": "rtb-071f1883bbf437915",
                        "attributes": {
                            "id": "rtb-071f1883bbf437915",
                            "owner_id": "391171788719",
                            "propagating_vgws.#": "0",
                            "route.#": "0",
                            "tags.%": "2",
                            "tags.Name": "terraform-eks-demo-node",
                            "tags.kubernetes.io/cluster/terraform-eks-demo": "shared",
                            "vpc_id": "vpc-0ccc4cb65565ed40f"
                        },
                        "meta": {},
                        "tainted": false
                    },
                    "deposed": [],
                    "provider": "provider.aws"
                },
                "aws_route_table.public": {
                    "type": "aws_route_table",
                    "depends_on": [
                        "local.vpc_id"
                    ],
                    "primary": {
                        "id": "rtb-089431262b66e92bd",
                        "attributes": {
                            "id": "rtb-089431262b66e92bd",
                            "owner_id": "391171788719",
                            "propagating_vgws.#": "0",
                            "route.#": "0",
                            "tags.%": "2",
                            "tags.Name": "terraform-eks-demo-node",
                            "tags.kubernetes.io/cluster/terraform-eks-demo": "shared",
                            "vpc_id": "vpc-0ccc4cb65565ed40f"
                        },
                        "meta": {},
                        "tainted": false
                    },
                    "deposed": [],
                    "provider": "provider.aws"
                },
                "aws_route_table_association.private.0": {
                    "type": "aws_route_table_association",
                    "depends_on": [
                        "aws_route_table.private.*",
                        "aws_subnet.private.*"
                    ],
                    "primary": {
                        "id": "rtbassoc-0faeab148478a5636",
                        "attributes": {
                            "id": "rtbassoc-0faeab148478a5636",
                            "route_table_id": "rtb-05b0625030d013e23",
                            "subnet_id": "subnet-0e31ebfee736ac8d1"
                        },
                        "meta": {},
                        "tainted": false
                    },
                    "deposed": [],
                    "provider": "provider.aws"
                },
                "aws_route_table_association.private.1": {
                    "type": "aws_route_table_association",
                    "depends_on": [
                        "aws_route_table.private.*",
                        "aws_subnet.private.*"
                    ],
                    "primary": {
                        "id": "rtbassoc-01255471670cb8764",
                        "attributes": {
                            "id": "rtbassoc-01255471670cb8764",
                            "route_table_id": "rtb-008fe47c6a3a578d7",
                            "subnet_id": "subnet-072a23e2467c7980f"
                        },
                        "meta": {},
                        "tainted": false
                    },
                    "deposed": [],
                    "provider": "provider.aws"
                },
                "aws_route_table_association.private.2": {
                    "type": "aws_route_table_association",
                    "depends_on": [
                        "aws_route_table.private.*",
                        "aws_subnet.private.*"
                    ],
                    "primary": {
                        "id": "rtbassoc-06abd56f66236b405",
                        "attributes": {
                            "id": "rtbassoc-06abd56f66236b405",
                            "route_table_id": "rtb-071f1883bbf437915",
                            "subnet_id": "subnet-07f41ea10c2c7dccc"
                        },
                        "meta": {},
                        "tainted": false
                    },
                    "deposed": [],
                    "provider": "provider.aws"
                },
                "aws_route_table_association.public.0": {
                    "type": "aws_route_table_association",
                    "depends_on": [
                        "aws_route_table.public",
                        "aws_subnet.public.*"
                    ],
                    "primary": {
                        "id": "rtbassoc-0f5b88abf5f79d522",
                        "attributes": {
                            "id": "rtbassoc-0f5b88abf5f79d522",
                            "route_table_id": "rtb-089431262b66e92bd",
                            "subnet_id": "subnet-0254f3d600578582b"
                        },
                        "meta": {},
                        "tainted": false
                    },
                    "deposed": [],
                    "provider": "provider.aws"
                },
                "aws_route_table_association.public.1": {
                    "type": "aws_route_table_association",
                    "depends_on": [
                        "aws_route_table.public",
                        "aws_subnet.public.*"
                    ],
                    "primary": {
                        "id": "rtbassoc-0786530a32fa63bbe",
                        "attributes": {
                            "id": "rtbassoc-0786530a32fa63bbe",
                            "route_table_id": "rtb-089431262b66e92bd",
                            "subnet_id": "subnet-09a5f9b317d06e2e4"
                        },
                        "meta": {},
                        "tainted": false
                    },
                    "deposed": [],
                    "provider": "provider.aws"
                },
                "aws_route_table_association.public.2": {
                    "type": "aws_route_table_association",
                    "depends_on": [
                        "aws_route_table.public",
                        "aws_subnet.public.*"
                    ],
                    "primary": {
                        "id": "rtbassoc-087a30153f4b265a5",
                        "attributes": {
                            "id": "rtbassoc-087a30153f4b265a5",
                            "route_table_id": "rtb-089431262b66e92bd",
                            "subnet_id": "subnet-0bff9914a4be3a0bf"
                        },
                        "meta": {},
                        "tainted": false
                    },
                    "deposed": [],
                    "provider": "provider.aws"
                },
                "aws_subnet.private.0": {
                    "type": "aws_subnet",
                    "depends_on": [
                        "local.vpc_id"
                    ],
                    "primary": {
                        "id": "subnet-0e31ebfee736ac8d1",
                        "attributes": {
                            "arn": "arn:aws:ec2:us-east-1:391171788719:subnet/subnet-0e31ebfee736ac8d1",
                            "assign_ipv6_address_on_creation": "false",
                            "availability_zone": "us-east-1a",
                            "availability_zone_id": "use1-az2",
                            "cidr_block": "10.0.1.0/24",
                            "id": "subnet-0e31ebfee736ac8d1",
                            "ipv6_cidr_block": "",
                            "ipv6_cidr_block_association_id": "",
                            "map_public_ip_on_launch": "false",
                            "owner_id": "391171788719",
                            "tags.%": "2",
                            "tags.Name": "terraform-eks-demo-node",
                            "tags.kubernetes.io/cluster/terraform-eks-demo": "shared",
                            "vpc_id": "vpc-0ccc4cb65565ed40f"
                        },
                        "meta": {
                            "e2bfb730-ecaa-11e6-8f88-34363bc7c4c0": {
                                "create": 600000000000,
                                "delete": 600000000000
                            },
                            "schema_version": "1"
                        },
                        "tainted": false
                    },
                    "deposed": [],
                    "provider": "provider.aws"
                },
                "aws_subnet.private.1": {
                    "type": "aws_subnet",
                    "depends_on": [
                        "local.vpc_id"
                    ],
                    "primary": {
                        "id": "subnet-072a23e2467c7980f",
                        "attributes": {
                            "arn": "arn:aws:ec2:us-east-1:391171788719:subnet/subnet-072a23e2467c7980f",
                            "assign_ipv6_address_on_creation": "false",
                            "availability_zone": "us-east-1b",
                            "availability_zone_id": "use1-az4",
                            "cidr_block": "10.0.2.0/24",
                            "id": "subnet-072a23e2467c7980f",
                            "ipv6_cidr_block": "",
                            "ipv6_cidr_block_association_id": "",
                            "map_public_ip_on_launch": "false",
                            "owner_id": "391171788719",
                            "tags.%": "2",
                            "tags.Name": "terraform-eks-demo-node",
                            "tags.kubernetes.io/cluster/terraform-eks-demo": "shared",
                            "vpc_id": "vpc-0ccc4cb65565ed40f"
                        },
                        "meta": {
                            "e2bfb730-ecaa-11e6-8f88-34363bc7c4c0": {
                                "create": 600000000000,
                                "delete": 600000000000
                            },
                            "schema_version": "1"
                        },
                        "tainted": false
                    },
                    "deposed": [],
                    "provider": "provider.aws"
                },
                "aws_subnet.private.2": {
                    "type": "aws_subnet",
                    "depends_on": [
                        "local.vpc_id"
                    ],
                    "primary": {
                        "id": "subnet-07f41ea10c2c7dccc",
                        "attributes": {
                            "arn": "arn:aws:ec2:us-east-1:391171788719:subnet/subnet-07f41ea10c2c7dccc",
                            "assign_ipv6_address_on_creation": "false",
                            "availability_zone": "us-east-1c",
                            "availability_zone_id": "use1-az6",
                            "cidr_block": "10.0.3.0/24",
                            "id": "subnet-07f41ea10c2c7dccc",
                            "ipv6_cidr_block": "",
                            "ipv6_cidr_block_association_id": "",
                            "map_public_ip_on_launch": "false",
                            "owner_id": "391171788719",
                            "tags.%": "2",
                            "tags.Name": "terraform-eks-demo-node",
                            "tags.kubernetes.io/cluster/terraform-eks-demo": "shared",
                            "vpc_id": "vpc-0ccc4cb65565ed40f"
                        },
                        "meta": {
                            "e2bfb730-ecaa-11e6-8f88-34363bc7c4c0": {
                                "create": 600000000000,
                                "delete": 600000000000
                            },
                            "schema_version": "1"
                        },
                        "tainted": false
                    },
                    "deposed": [],
                    "provider": "provider.aws"
                },
                "aws_subnet.public.0": {
                    "type": "aws_subnet",
                    "depends_on": [
                        "local.vpc_id"
                    ],
                    "primary": {
                        "id": "subnet-0254f3d600578582b",
                        "attributes": {
                            "arn": "arn:aws:ec2:us-east-1:391171788719:subnet/subnet-0254f3d600578582b",
                            "assign_ipv6_address_on_creation": "false",
                            "availability_zone": "us-east-1a",
                            "availability_zone_id": "use1-az2",
                            "cidr_block": "10.0.101.0/24",
                            "id": "subnet-0254f3d600578582b",
                            "ipv6_cidr_block": "",
                            "ipv6_cidr_block_association_id": "",
                            "map_public_ip_on_launch": "true",
                            "owner_id": "391171788719",
                            "tags.%": "2",
                            "tags.Name": "terraform-eks-demo-node",
                            "tags.kubernetes.io/cluster/terraform-eks-demo": "shared",
                            "vpc_id": "vpc-0ccc4cb65565ed40f"
                        },
                        "meta": {
                            "e2bfb730-ecaa-11e6-8f88-34363bc7c4c0": {
                                "create": 600000000000,
                                "delete": 600000000000
                            },
                            "schema_version": "1"
                        },
                        "tainted": false
                    },
                    "deposed": [],
                    "provider": "provider.aws"
                },
                "aws_subnet.public.1": {
                    "type": "aws_subnet",
                    "depends_on": [
                        "local.vpc_id"
                    ],
                    "primary": {
                        "id": "subnet-09a5f9b317d06e2e4",
                        "attributes": {
                            "arn": "arn:aws:ec2:us-east-1:391171788719:subnet/subnet-09a5f9b317d06e2e4",
                            "assign_ipv6_address_on_creation": "false",
                            "availability_zone": "us-east-1b",
                            "availability_zone_id": "use1-az4",
                            "cidr_block": "10.0.102.0/24",
                            "id": "subnet-09a5f9b317d06e2e4",
                            "ipv6_cidr_block": "",
                            "ipv6_cidr_block_association_id": "",
                            "map_public_ip_on_launch": "true",
                            "owner_id": "391171788719",
                            "tags.%": "2",
                            "tags.Name": "terraform-eks-demo-node",
                            "tags.kubernetes.io/cluster/terraform-eks-demo": "shared",
                            "vpc_id": "vpc-0ccc4cb65565ed40f"
                        },
                        "meta": {
                            "e2bfb730-ecaa-11e6-8f88-34363bc7c4c0": {
                                "create": 600000000000,
                                "delete": 600000000000
                            },
                            "schema_version": "1"
                        },
                        "tainted": false
                    },
                    "deposed": [],
                    "provider": "provider.aws"
                },
                "aws_subnet.public.2": {
                    "type": "aws_subnet",
                    "depends_on": [
                        "local.vpc_id"
                    ],
                    "primary": {
                        "id": "subnet-0bff9914a4be3a0bf",
                        "attributes": {
                            "arn": "arn:aws:ec2:us-east-1:391171788719:subnet/subnet-0bff9914a4be3a0bf",
                            "assign_ipv6_address_on_creation": "false",
                            "availability_zone": "us-east-1c",
                            "availability_zone_id": "use1-az6",
                            "cidr_block": "10.0.103.0/24",
                            "id": "subnet-0bff9914a4be3a0bf",
                            "ipv6_cidr_block": "",
                            "ipv6_cidr_block_association_id": "",
                            "map_public_ip_on_launch": "true",
                            "owner_id": "391171788719",
                            "tags.%": "2",
                            "tags.Name": "terraform-eks-demo-node",
                            "tags.kubernetes.io/cluster/terraform-eks-demo": "shared",
                            "vpc_id": "vpc-0ccc4cb65565ed40f"
                        },
                        "meta": {
                            "e2bfb730-ecaa-11e6-8f88-34363bc7c4c0": {
                                "create": 600000000000,
                                "delete": 600000000000
                            },
                            "schema_version": "1"
                        },
                        "tainted": false
                    },
                    "deposed": [],
                    "provider": "provider.aws"
                },
                "aws_vpc.this": {
                    "type": "aws_vpc",
                    "depends_on": [],
                    "primary": {
                        "id": "vpc-0ccc4cb65565ed40f",
                        "attributes": {
                            "arn": "arn:aws:ec2:us-east-1:391171788719:vpc/vpc-0ccc4cb65565ed40f",
                            "assign_generated_ipv6_cidr_block": "false",
                            "cidr_block": "10.0.0.0/16",
                            "default_network_acl_id": "acl-05396202f037205cc",
                            "default_route_table_id": "rtb-0cad84f2549e9eb74",
                            "default_security_group_id": "sg-0fac16f27ad1ab3f5",
                            "dhcp_options_id": "dopt-3bc38243",
                            "enable_classiclink": "false",
                            "enable_classiclink_dns_support": "false",
                            "enable_dns_hostnames": "false",
                            "enable_dns_support": "true",
                            "id": "vpc-0ccc4cb65565ed40f",
                            "instance_tenancy": "default",
                            "ipv6_association_id": "",
                            "ipv6_cidr_block": "",
                            "main_route_table_id": "rtb-0cad84f2549e9eb74",
                            "owner_id": "391171788719",
                            "tags.%": "2",
                            "tags.Name": "terraform-eks-demo-node",
                            "tags.kubernetes.io/cluster/terraform-eks-demo": "shared"
                        },
                        "meta": {
                            "schema_version": "1"
                        },
                        "tainted": false
                    },
                    "deposed": [],
                    "provider": "provider.aws"
                }
            },
            "depends_on": []
        }
    ]
}
